schema: '2.0'
stages:
  data_ingestion:
    cmd: python src/data_ingestion.py
    deps:
    - path: src/data_ingestion.py
      hash: md5
      md5: 673bf74061192f6c2c67476dfc944a8e
      size: 4161
    params:
      params.yaml:
        data_ingestion.test_size: 0.2
    outs:
    - path: data/raw
      hash: md5
      md5: 6c00f17a7b00bcf07cec35bf5cf96321.dir
      size: 484852
      nfiles: 2
  pre-processing:
    cmd: python src/pre-processing.py
    deps:
    - path: data/raw
      hash: md5
      md5: 6c00f17a7b00bcf07cec35bf5cf96321.dir
      size: 484852
      nfiles: 2
    - path: src/pre-processing.py
      hash: md5
      md5: 02b1eb140b44ce671aecfbce098e9763
      size: 3732
    outs:
    - path: data/intrim
      hash: md5
      md5: c6d0252262bb6376391f19fe2a074793.dir
      size: 245876
      nfiles: 2
  feature_engineering:
    cmd: python src/feature_engineering.py
    deps:
    - path: data/intrim
      hash: md5
      md5: c6d0252262bb6376391f19fe2a074793.dir
      size: 245876
      nfiles: 2
    - path: src/feature_engineering.py
      hash: md5
      md5: 3e848934e24686f402f513bf7b587785
      size: 3858
    params:
      params.yaml:
        feature_engineering.max_features: 35
    outs:
    - path: data/processed_data
      hash: md5
      md5: 674a92d19409129f9e31ab89d95bb306.dir
      size: 835360
      nfiles: 2
  model_selection:
    cmd: python src/model_selection.py
    deps:
    - path: data/processed_data
      hash: md5
      md5: 674a92d19409129f9e31ab89d95bb306.dir
      size: 835360
      nfiles: 2
    - path: src/model_selection.py
      hash: md5
      md5: e7abed504f12a99e2e9f71ec3f8d2144
      size: 3507
    params:
      params.yaml:
        model_selection.n_estimators: 22
        model_selection.random_state: 2
    outs:
    - path: models/model.pkl
      hash: md5
      md5: 8078f61df6d50926a1600db00e87d2e6
      size: 720146
  model_evaluation:
    cmd: python src/model_evaluation.py
    deps:
    - path: models/model.pkl
      hash: md5
      md5: 8078f61df6d50926a1600db00e87d2e6
      size: 720146
    - path: src/model_evaluation.py
      hash: md5
      md5: b5346c363d2b5e7b866f7b1554062968
      size: 4334
    outs:
    - path: reports/metrics.json
      hash: md5
      md5: db68215cd9a92b4fa6a1661b75353a3a
      size: 146
